
Microsoft Visual Studio Solution File, Format Version 12.00
# Visual Studio Version 17
VisualStudioVersion = 17.4.33205.214
MinimumVisualStudioVersion = 10.0.40219.1
Project("{FAE04EC0-301F-11D3-BF4B-00C04F79EFBC}") = "ExerciciosEstruturaCondicional", "ExerciciosEstruturaCondicional\ExerciciosEstruturaCondicional.csproj", "{FB42FC98-7769-4FF9-9D4C-757249A78DAF}"
EndProject
Global
	GlobalSection(SolutionConfigurationPlatforms) = preSolution
		Debug|Any CPU = Debug|Any CPU
		Release|Any CPU = Release|Any CPU
	EndGlobalSection
	GlobalSection(ProjectConfigurationPlatforms) = postSolution
		{FB42FC98-7769-4FF9-9D4C-757249A78DAF}.Debug|Any CPU.ActiveCfg = Debug|Any CPU
		{FB42FC98-7769-4FF9-9D4C-757249A78DAF}.Debug|Any CPU.Build.0 = Debug|Any CPU
		{FB42FC98-7769-4FF9-9D4C-757249A78DAF}.Release|Any CPU.ActiveCfg = Release|Any CPU
		{FB42FC98-7769-4FF9-9D4C-757249A78DAF}.Release|Any CPU.Build.0 = Release|Any CPU
	EndGlobalSection
	GlobalSection(SolutionProperties) = preSolution
		HideSolutionNode = FALSE
	EndGlobalSection
	GlobalSection(ExtensibilityGlobals) = postSolution
		SolutionGuid = {C2BAB671-9628-4C23-BED1-EED1D28DC5F8}
	EndGlobalSection
EndGlobal
