
Microsoft Visual Studio Solution File, Format Version 12.00
# Visual Studio Version 17
VisualStudioVersion = 17.4.33205.214
MinimumVisualStudioVersion = 10.0.40219.1
Project("{FAE04EC0-301F-11D3-BF4B-00C04F79EFBC}") = "ExerciciosEstruturaFor", "ExerciciosEstruturaFor\ExerciciosEstruturaFor.csproj", "{ECE3A908-9D51-4BA8-8EE2-BAA1C439281C}"
EndProject
Global
	GlobalSection(SolutionConfigurationPlatforms) = preSolution
		Debug|Any CPU = Debug|Any CPU
		Release|Any CPU = Release|Any CPU
	EndGlobalSection
	GlobalSection(ProjectConfigurationPlatforms) = postSolution
		{ECE3A908-9D51-4BA8-8EE2-BAA1C439281C}.Debug|Any CPU.ActiveCfg = Debug|Any CPU
		{ECE3A908-9D51-4BA8-8EE2-BAA1C439281C}.Debug|Any CPU.Build.0 = Debug|Any CPU
		{ECE3A908-9D51-4BA8-8EE2-BAA1C439281C}.Release|Any CPU.ActiveCfg = Release|Any CPU
		{ECE3A908-9D51-4BA8-8EE2-BAA1C439281C}.Release|Any CPU.Build.0 = Release|Any CPU
	EndGlobalSection
	GlobalSection(SolutionProperties) = preSolution
		HideSolutionNode = FALSE
	EndGlobalSection
	GlobalSection(ExtensibilityGlobals) = postSolution
		SolutionGuid = {FEE841B5-C9A4-4A79-9338-F434E91AE9BC}
	EndGlobalSection
EndGlobal
